// !$*UTF8*$!
{
	archiveVersion = 1;
	classes = {
	};
	objectVersion = 46;
	objects = {

/* Begin PBXBuildFile section */
		35986F821972FA200088C556 /* Foundation.framework in Frameworks */ = {isa = PBXBuildFile; fileRef = 35986F811972FA200088C556 /* Foundation.framework */; };
		35986F841972FA200088C556 /* CoreGraphics.framework in Frameworks */ = {isa = PBXBuildFile; fileRef = 35986F831972FA200088C556 /* CoreGraphics.framework */; };
		35986F861972FA200088C556 /* UIKit.framework in Frameworks */ = {isa = PBXBuildFile; fileRef = 35986F851972FA200088C556 /* UIKit.framework */; };
		35986F8C1972FA200088C556 /* InfoPlist.strings in Resources */ = {isa = PBXBuildFile; fileRef = 35986F8A1972FA200088C556 /* InfoPlist.strings */; };
		35986F8E1972FA200088C556 /* main.m in Sources */ = {isa = PBXBuildFile; fileRef = 35986F8D1972FA200088C556 /* main.m */; };
		35986F921972FA200088C556 /* RWTAppDelegate.m in Sources */ = {isa = PBXBuildFile; fileRef = 35986F911972FA200088C556 /* RWTAppDelegate.m */; };
		35986F951972FA200088C556 /* Main.storyboard in Resources */ = {isa = PBXBuildFile; fileRef = 35986F931972FA200088C556 /* Main.storyboard */; };
		35986F981972FA200088C556 /* RWTViewController.m in Sources */ = {isa = PBXBuildFile; fileRef = 35986F971972FA200088C556 /* RWTViewController.m */; };
		35986F9A1972FA200088C556 /* Images.xcassets in Resources */ = {isa = PBXBuildFile; fileRef = 35986F991972FA200088C556 /* Images.xcassets */; };
		35986FA11972FA210088C556 /* XCTest.framework in Frameworks */ = {isa = PBXBuildFile; fileRef = 35986FA01972FA210088C556 /* XCTest.framework */; };
		35986FA21972FA210088C556 /* Foundation.framework in Frameworks */ = {isa = PBXBuildFile; fileRef = 35986F811972FA200088C556 /* Foundation.framework */; };
		35986FA31972FA210088C556 /* UIKit.framework in Frameworks */ = {isa = PBXBuildFile; fileRef = 35986F851972FA200088C556 /* UIKit.framework */; };
		35986FAB1972FA210088C556 /* InfoPlist.strings in Resources */ = {isa = PBXBuildFile; fileRef = 35986FA91972FA210088C556 /* InfoPlist.strings */; };
		35986FAD1972FA210088C556 /* DynamicTossTests.m in Sources */ = {isa = PBXBuildFile; fileRef = 35986FAC1972FA210088C556 /* DynamicTossTests.m */; };
		35986FB71972FAEB0088C556 /* goldfish_feature.jpg in Resources */ = {isa = PBXBuildFile; fileRef = 35986FB61972FAEB0088C556 /* goldfish_feature.jpg */; };
/* End PBXBuildFile section */

/* Begin PBXContainerItemProxy section */
		35986FA41972FA210088C556 /* PBXContainerItemProxy */ = {
			isa = PBXContainerItemProxy;
			containerPortal = 35986F761972FA200088C556 /* Project object */;
			proxyType = 1;
			remoteGlobalIDString = 35986F7D1972FA200088C556;
			remoteInfo = DynamicToss;
		};
/* End PBXContainerItemProxy section */

/* Begin PBXFileReference section */
		35986F7E1972FA200088C556 /* DynamicToss.app */ = {isa = PBXFileReference; explicitFileType = wrapper.application; includeInIndex = 0; path = DynamicToss.app; sourceTree = BUILT_PRODUCTS_DIR; };
		35986F811972FA200088C556 /* Foundation.framework */ = {isa = PBXFileReference; lastKnownFileType = wrapper.framework; name = Foundation.framework; path = System/Library/Frameworks/Foundation.framework; sourceTree = SDKROOT; };
		35986F831972FA200088C556 /* CoreGraphics.framework */ = {isa = PBXFileReference; lastKnownFileType = wrapper.framework; name = CoreGraphics.framework; path = System/Library/Frameworks/CoreGraphics.framework; sourceTree = SDKROOT; };
		35986F851972FA200088C556 /* UIKit.framework */ = {isa = PBXFileReference; lastKnownFileType = wrapper.framework; name = UIKit.framework; path = System/Library/Frameworks/UIKit.framework; sourceTree = SDKROOT; };
		35986F891972FA200088C556 /* DynamicToss-Info.plist */ = {isa = PBXFileReference; lastKnownFileType = text.plist.xml; path = "DynamicToss-Info.plist"; sourceTree = "<group>"; };
		35986F8B1972FA200088C556 /* en */ = {isa = PBXFileReference; lastKnownFileType = text.plist.strings; name = en; path = en.lproj/InfoPlist.strings; sourceTree = "<group>"; };
		35986F8D1972FA200088C556 /* main.m */ = {isa = PBXFileReference; lastKnownFileType = sourcecode.c.objc; path = main.m; sourceTree = "<group>"; };
		35986F8F1972FA200088C556 /* DynamicToss-Prefix.pch */ = {isa = PBXFileReference; lastKnownFileType = sourcecode.c.h; path = "DynamicToss-Prefix.pch"; sourceTree = "<group>"; };
		35986F901972FA200088C556 /* RWTAppDelegate.h */ = {isa = PBXFileReference; lastKnownFileType = sourcecode.c.h; path = RWTAppDelegate.h; sourceTree = "<group>"; };
		35986F911972FA200088C556 /* RWTAppDelegate.m */ = {isa = PBXFileReference; lastKnownFileType = sourcecode.c.objc; path = RWTAppDelegate.m; sourceTree = "<group>"; };
		35986F941972FA200088C556 /* Base */ = {isa = PBXFileReference; lastKnownFileType = file.storyboard; name = Base; path = Base.lproj/Main.storyboard; sourceTree = "<group>"; };
		35986F961972FA200088C556 /* RWTViewController.h */ = {isa = PBXFileReference; lastKnownFileType = sourcecode.c.h; path = RWTViewController.h; sourceTree = "<group>"; };
		35986F971972FA200088C556 /* RWTViewController.m */ = {isa = PBXFileReference; lastKnownFileType = sourcecode.c.objc; path = RWTViewController.m; sourceTree = "<group>"; };
		35986F991972FA200088C556 /* Images.xcassets */ = {isa = PBXFileReference; lastKnownFileType = folder.assetcatalog; path = Images.xcassets; sourceTree = "<group>"; };
		35986F9F1972FA210088C556 /* DynamicTossTests.xctest */ = {isa = PBXFileReference; explicitFileType = wrapper.cfbundle; includeInIndex = 0; path = DynamicTossTests.xctest; sourceTree = BUILT_PRODUCTS_DIR; };
		35986FA01972FA210088C556 /* XCTest.framework */ = {isa = PBXFileReference; lastKnownFileType = wrapper.framework; name = XCTest.framework; path = Library/Frameworks/XCTest.framework; sourceTree = DEVELOPER_DIR; };
		35986FA81972FA210088C556 /* DynamicTossTests-Info.plist */ = {isa = PBXFileReference; lastKnownFileType = text.plist.xml; path = "DynamicTossTests-Info.plist"; sourceTree = "<group>"; };
		35986FAA1972FA210088C556 /* en */ = {isa = PBXFileReference; lastKnownFileType = text.plist.strings; name = en; path = en.lproj/InfoPlist.strings; sourceTree = "<group>"; };
		35986FAC1972FA210088C556 /* DynamicTossTests.m */ = {isa = PBXFileReference; lastKnownFileType = sourcecode.c.objc; path = DynamicTossTests.m; sourceTree = "<group>"; };
		35986FB61972FAEB0088C556 /* goldfish_feature.jpg */ = {isa = PBXFileReference; lastKnownFileType = image.jpeg; path = goldfish_feature.jpg; sourceTree = "<group>"; };
/* End PBXFileReference section */

/* Begin PBXFrameworksBuildPhase section */
		35986F7B1972FA200088C556 /* Frameworks */ = {
			isa = PBXFrameworksBuildPhase;
			buildActionMask = 2147483647;
			files = (
				35986F841972FA200088C556 /* CoreGraphics.framework in Frameworks */,
				35986F861972FA200088C556 /* UIKit.framework in Frameworks */,
				35986F821972FA200088C556 /* Foundation.framework in Frameworks */,
			);
			runOnlyForDeploymentPostprocessing = 0;
		};
		35986F9C1972FA210088C556 /* Frameworks */ = {
			isa = PBXFrameworksBuildPhase;
			buildActionMask = 2147483647;
			files = (
				35986FA11972FA210088C556 /* XCTest.framework in Frameworks */,
				35986FA31972FA210088C556 /* UIKit.framework in Frameworks */,
				35986FA21972FA210088C556 /* Foundation.framework in Frameworks */,
			);
			runOnlyForDeploymentPostprocessing = 0;
		};
/* End PBXFrameworksBuildPhase section */

/* Begin PBXGroup section */
		35986F751972FA200088C556 = {
			isa = PBXGroup;
			children = (
				35986F871972FA200088C556 /* DynamicToss */,
				35986FA61972FA210088C556 /* DynamicTossTests */,
				35986F801972FA200088C556 /* Frameworks */,
				35986F7F1972FA200088C556 /* Products */,
			);
			sourceTree = "<group>";
		};
		35986F7F1972FA200088C556 /* Products */ = {
			isa = PBXGroup;
			children = (
				35986F7E1972FA200088C556 /* DynamicToss.app */,
				35986F9F1972FA210088C556 /* DynamicTossTests.xctest */,
			);
			name = Products;
			sourceTree = "<group>";
		};
		35986F801972FA200088C556 /* Frameworks */ = {
			isa = PBXGroup;
			children = (
				35986F811972FA200088C556 /* Foundation.framework */,
				35986F831972FA200088C556 /* CoreGraphics.framework */,
				35986F851972FA200088C556 /* UIKit.framework */,
				35986FA01972FA210088C556 /* XCTest.framework */,
			);
			name = Frameworks;
			sourceTree = "<group>";
		};
		35986F871972FA200088C556 /* DynamicToss */ = {
			isa = PBXGroup;
			children = (
				35986FB61972FAEB0088C556 /* goldfish_feature.jpg */,
				35986F901972FA200088C556 /* RWTAppDelegate.h */,
				35986F911972FA200088C556 /* RWTAppDelegate.m */,
				35986F931972FA200088C556 /* Main.storyboard */,
				35986F961972FA200088C556 /* RWTViewController.h */,
				35986F971972FA200088C556 /* RWTViewController.m */,
				35986F991972FA200088C556 /* Images.xcassets */,
				35986F881972FA200088C556 /* Supporting Files */,
			);
			path = DynamicToss;
			sourceTree = "<group>";
		};
		35986F881972FA200088C556 /* Supporting Files */ = {
			isa = PBXGroup;
			children = (
				35986F891972FA200088C556 /* DynamicToss-Info.plist */,
				35986F8A1972FA200088C556 /* InfoPlist.strings */,
				35986F8D1972FA200088C556 /* main.m */,
				35986F8F1972FA200088C556 /* DynamicToss-Prefix.pch */,
			);
			name = "Supporting Files";
			sourceTree = "<group>";
		};
		35986FA61972FA210088C556 /* DynamicTossTests */ = {
			isa = PBXGroup;
			children = (
				35986FAC1972FA210088C556 /* DynamicTossTests.m */,
				35986FA71972FA210088C556 /* Supporting Files */,
			);
			path = DynamicTossTests;
			sourceTree = "<group>";
		};
		35986FA71972FA210088C556 /* Supporting Files */ = {
			isa = PBXGroup;
			children = (
				35986FA81972FA210088C556 /* DynamicTossTests-Info.plist */,
				35986FA91972FA210088C556 /* InfoPlist.strings */,
			);
			name = "Supporting Files";
			sourceTree = "<group>";
		};
/* End PBXGroup section */

/* Begin PBXNativeTarget section */
		35986F7D1972FA200088C556 /* DynamicToss */ = {
			isa = PBXNativeTarget;
			buildConfigurationList = 35986FB01972FA210088C556 /* Build configuration list for PBXNativeTarget "DynamicToss" */;
			buildPhases = (
				35986F7A1972FA200088C556 /* Sources */,
				35986F7B1972FA200088C556 /* Frameworks */,
				35986F7C1972FA200088C556 /* Resources */,
			);
			buildRules = (
			);
			dependencies = (
			);
			name = DynamicToss;
			productName = DynamicToss;
			productReference = 35986F7E1972FA200088C556 /* DynamicToss.app */;
			productType = "com.apple.product-type.application";
		};
		35986F9E1972FA210088C556 /* DynamicTossTests */ = {
			isa = PBXNativeTarget;
			buildConfigurationList = 35986FB31972FA210088C556 /* Build configuration list for PBXNativeTarget "DynamicTossTests" */;
			buildPhases = (
				35986F9B1972FA210088C556 /* Sources */,
				35986F9C1972FA210088C556 /* Frameworks */,
				35986F9D1972FA210088C556 /* Resources */,
			);
			buildRules = (
			);
			dependencies = (
				35986FA51972FA210088C556 /* PBXTargetDependency */,
			);
			name = DynamicTossTests;
			productName = DynamicTossTests;
			productReference = 35986F9F1972FA210088C556 /* DynamicTossTests.xctest */;
			productType = "com.apple.product-type.bundle.unit-test";
		};
/* End PBXNativeTarget section */

/* Begin PBXProject section */
		35986F761972FA200088C556 /* Project object */ = {
			isa = PBXProject;
			attributes = {
				CLASSPREFIX = RWT;
				LastUpgradeCheck = 0510;
				ORGANIZATIONNAME = "Razeware LLC";
				TargetAttributes = {
					35986F9E1972FA210088C556 = {
						TestTargetID = 35986F7D1972FA200088C556;
					};
				};
			};
			buildConfigurationList = 35986F791972FA200088C556 /* Build configuration list for PBXProject "DynamicToss" */;
			compatibilityVersion = "Xcode 3.2";
			developmentRegion = English;
			hasScannedForEncodings = 0;
			knownRegions = (
				en,
				Base,
			);
			mainGroup = 35986F751972FA200088C556;
			productRefGroup = 35986F7F1972FA200088C556 /* Products */;
			projectDirPath = "";
			projectRoot = "";
			targets = (
				35986F7D1972FA200088C556 /* DynamicToss */,
				35986F9E1972FA210088C556 /* DynamicTossTests */,
			);
		};
/* End PBXProject section */

/* Begin PBXResourcesBuildPhase section */
		35986F7C1972FA200088C556 /* Resources */ = {
			isa = PBXResourcesBuildPhase;
			buildActionMask = 2147483647;
			files = (
				35986F9A1972FA200088C556 /* Images.xcassets in Resources */,
				35986F8C1972FA200088C556 /* InfoPlist.strings in Resources */,
				35986FB71972FAEB0088C556 /* goldfish_feature.jpg in Resources */,
				35986F951972FA200088C556 /* Main.storyboard in Resources */,
			);
			runOnlyForDeploymentPostprocessing = 0;
		};
		35986F9D1972FA210088C556 /* Resources */ = {
			isa = PBXResourcesBuildPhase;
			buildActionMask = 2147483647;
			files = (
				35986FAB1972FA210088C556 /* InfoPlist.strings in Resources */,
			);
			runOnlyForDeploymentPostprocessing = 0;
		};
/* End PBXResourcesBuildPhase section */

/* Begin PBXSourcesBuildPhase section */
		35986F7A1972FA200088C556 /* Sources */ = {
			isa = PBXSourcesBuildPhase;
			buildActionMask = 2147483647;
			files = (
				35986F981972FA200088C556 /* RWTViewController.m in Sources */,
				35986F921972FA200088C556 /* RWTAppDelegate.m in Sources */,
				35986F8E1972FA200088C556 /* main.m in Sources */,
			);
			runOnlyForDeploymentPostprocessing = 0;
		};
		35986F9B1972FA210088C556 /* Sources */ = {
			isa = PBXSourcesBuildPhase;
			buildActionMask = 2147483647;
			files = (
				35986FAD1972FA210088C556 /* DynamicTossTests.m in Sources */,
			);
			runOnlyForDeploymentPostprocessing = 0;
		};
/* End PBXSourcesBuildPhase section */

/* Begin PBXTargetDependency section */
		35986FA51972FA210088C556 /* PBXTargetDependency */ = {
			isa = PBXTargetDependency;
			target = 35986F7D1972FA200088C556 /* DynamicToss */;
			targetProxy = 35986FA41972FA210088C556 /* PBXContainerItemProxy */;
		};
/* End PBXTargetDependency section */

/* Begin PBXVariantGroup section */
		35986F8A1972FA200088C556 /* InfoPlist.strings */ = {
			isa = PBXVariantGroup;
			children = (
				35986F8B1972FA200088C556 /* en */,
			);
			name = InfoPlist.strings;
			sourceTree = "<group>";
		};
		35986F931972FA200088C556 /* Main.storyboard */ = {
			isa = PBXVariantGroup;
			children = (
				35986F941972FA200088C556 /* Base */,
			);
			name = Main.storyboard;
			sourceTree = "<group>";
		};
		35986FA91972FA210088C556 /* InfoPlist.strings */ = {
			isa = PBXVariantGroup;
			children = (
				35986FAA1972FA210088C556 /* en */,
			);
			name = InfoPlist.strings;
			sourceTree = "<group>";
		};
/* End PBXVariantGroup section */

/* Begin XCBuildConfiguration section */
		35986FAE1972FA210088C556 /* Debug */ = {
			isa = XCBuildConfiguration;
			buildSettings = {
				ALWAYS_SEARCH_USER_PATHS = NO;
				CLANG_CXX_LANGUAGE_STANDARD = "gnu++0x";
				CLANG_CXX_LIBRARY = "libc++";
				CLANG_ENABLE_MODULES = YES;
				CLANG_ENABLE_OBJC_ARC = YES;
				CLANG_WARN_BOOL_CONVERSION = YES;
				CLANG_WARN_CONSTANT_CONVERSION = YES;
				CLANG_WARN_DIRECT_OBJC_ISA_USAGE = YES_ERROR;
				CLANG_WARN_EMPTY_BODY = YES;
				CLANG_WARN_ENUM_CONVERSION = YES;
				CLANG_WARN_INT_CONVERSION = YES;
				CLANG_WARN_OBJC_ROOT_CLASS = YES_ERROR;
				CLANG_WARN__DUPLICATE_METHOD_MATCH = YES;
				"CODE_SIGN_IDENTITY[sdk=iphoneos*]" = "iPhone Developer";
				COPY_PHASE_STRIP = NO;
				GCC_C_LANGUAGE_STANDARD = gnu99;
				GCC_DYNAMIC_NO_PIC = NO;
				GCC_OPTIMIZATION_LEVEL = 0;
				GCC_PREPROCESSOR_DEFINITIONS = (
					"DEBUG=1",
					"$(inherited)",
				);
				GCC_SYMBOLS_PRIVATE_EXTERN = NO;
				GCC_WARN_64_TO_32_BIT_CONVERSION = YES;
				GCC_WARN_ABOUT_RETURN_TYPE = YES_ERROR;
				GCC_WARN_UNDECLARED_SELECTOR = YES;
				GCC_WARN_UNINITIALIZED_AUTOS = YES_AGGRESSIVE;
				GCC_WARN_UNUSED_FUNCTION = YES;
				GCC_WARN_UNUSED_VARIABLE = YES;
				IPHONEOS_DEPLOYMENT_TARGET = 7.1;
				ONLY_ACTIVE_ARCH = YES;
				SDKROOT = iphoneos;
			};
			name = Debug;
		};
		35986FAF1972FA210088C556 /* Release */ = {
			isa = XCBuildConfiguration;
			buildSettings = {
				ALWAYS_SEARCH_USER_PATHS = NO;
				CLANG_CXX_LANGUAGE_STANDARD = "gnu++0x";
				CLANG_CXX_LIBRARY = "libc++";
				CLANG_ENABLE_MODULES = YES;
				CLANG_ENABLE_OBJC_ARC = YES;
				CLANG_WARN_BOOL_CONVERSION = YES;
				CLANG_WARN_CONSTANT_CONVERSION = YES;
				CLANG_WARN_DIRECT_OBJC_ISA_USAGE = YES_ERROR;
				CLANG_WARN_EMPTY_BODY = YES;
				CLANG_WARN_ENUM_CONVERSION = YES;
				CLANG_WARN_INT_CONVERSION = YES;
				CLANG_WARN_OBJC_ROOT_CLASS = YES_ERROR;
				CLANG_WARN__DUPLICATE_METHOD_MATCH = YES;
				"CODE_SIGN_IDENTITY[sdk=iphoneos*]" = "iPhone Developer";
				COPY_PHASE_STRIP = YES;
				ENABLE_NS_ASSERTIONS = NO;
				GCC_C_LANGUAGE_STANDARD = gnu99;
				GCC_WARN_64_TO_32_BIT_CONVERSION = YES;
				GCC_WARN_ABOUT_RETURN_TYPE = YES_ERROR;
				GCC_WARN_UNDECLARED_SELECTOR = YES;
				GCC_WARN_UNINITIALIZED_AUTOS = YES_AGGRESSIVE;
				GCC_WARN_UNUSED_FUNCTION = YES;
				GCC_WARN_UNUSED_VARIABLE = YES;
				IPHONEOS_DEPLOYMENT_TARGET = 7.1;
				SDKROOT = iphoneos;
				VALIDATE_PRODUCT = YES;
			};
			name = Release;
		};
		35986FB11972FA210088C556 /* Debug */ = {
			isa = XCBuildConfiguration;
			buildSettings = {
				ASSETCATALOG_COMPILER_APPICON_NAME = AppIcon;
				ASSETCATALOG_COMPILER_LAUNCHIMAGE_NAME = LaunchImage;
				GCC_PRECOMPILE_PREFIX_HEADER = YES;
				GCC_PREFIX_HEADER = "DynamicToss/DynamicToss-Prefix.pch";
				INFOPLIST_FILE = "DynamicToss/DynamicToss-Info.plist";
				PRODUCT_NAME = "$(TARGET_NAME)";
				WRAPPER_EXTENSION = app;
			};
			name = Debug;
		};
		35986FB21972FA210088C556 /* Release */ = {
			isa = XCBuildConfiguration;
			buildSettings = {
				ASSETCATALOG_COMPILER_APPICON_NAME = AppIcon;
				ASSETCATALOG_COMPILER_LAUNCHIMAGE_NAME = LaunchImage;
				GCC_PRECOMPILE_PREFIX_HEADER = YES;
				GCC_PREFIX_HEADER = "DynamicToss/DynamicToss-Prefix.pch";
				INFOPLIST_FILE = "DynamicToss/DynamicToss-Info.plist";
				PRODUCT_NAME = "$(TARGET_NAME)";
				WRAPPER_EXTENSION = app;
			};
			name = Release;
		};
		35986FB41972FA210088C556 /* Debug */ = {
			isa = XCBuildConfiguration;
			buildSettings = {
				BUNDLE_LOADER = "$(BUILT_PRODUCTS_DIR)/DynamicToss.app/DynamicToss";
				FRAMEWORK_SEARCH_PATHS = (
					"$(SDKROOT)/Developer/Library/Frameworks",
					"$(inherited)",
					"$(DEVELOPER_FRAMEWORKS_DIR)",
				);
				GCC_PRECOMPILE_PREFIX_HEADER = YES;
				GCC_PREFIX_HEADER = "DynamicToss/DynamicToss-Prefix.pch";
				GCC_PREPROCESSOR_DEFINITIONS = (
					"DEBUG=1",
					"$(inherited)",
				);
				INFOPLIST_FILE = "DynamicTossTests/DynamicTossTests-Info.plist";
				PRODUCT_NAME = "$(TARGET_NAME)";
				TEST_HOST = "$(BUNDLE_LOADER)";
				WRAPPER_EXTENSION = xctest;
			};
			name = Debug;
		};
		35986FB51972FA210088C556 /* Release */ = {
			isa = XCBuildConfiguration;
			buildSettings = {
				BUNDLE_LOADER = "$(BUILT_PRODUCTS_DIR)/DynamicToss.app/DynamicToss";
				FRAMEWORK_SEARCH_PATHS = (
					"$(SDKROOT)/Developer/Library/Frameworks",
					"$(inherited)",
					"$(DEVELOPER_FRAMEWORKS_DIR)",
				);
				GCC_PRECOMPILE_PREFIX_HEADER = YES;
				GCC_PREFIX_HEADER = "DynamicToss/DynamicToss-Prefix.pch";
				INFOPLIST_FILE = "DynamicTossTests/DynamicTossTests-Info.plist";
				PRODUCT_NAME = "$(TARGET_NAME)";
				TEST_HOST = "$(BUNDLE_LOADER)";
				WRAPPER_EXTENSION = xctest;
			};
			name = Release;
		};
/* End XCBuildConfiguration section */

/* Begin XCConfigurationList section */
		35986F791972FA200088C556 /* Build configuration list for PBXProject "DynamicToss" */ = {
			isa = XCConfigurationList;
			buildConfigurations = (
				35986FAE1972FA210088C556 /* Debug */,
				35986FAF1972FA210088C556 /* Release */,
			);
			defaultConfigurationIsVisible = 0;
			defaultConfigurationName = Release;
		};
		35986FB01972FA210088C556 /* Build configuration list for PBXNativeTarget "DynamicToss" */ = {
			isa = XCConfigurationList;
			buildConfigurations = (
				35986FB11972FA210088C556 /* Debug */,
				35986FB21972FA210088C556 /* Release */,
			);
			defaultConfigurationIsVisible = 0;
		};
		35986FB31972FA210088C556 /* Build configuration list for PBXNativeTarget "DynamicTossTests" */ = {
			isa = XCConfigurationList;
			buildConfigurations = (
				35986FB41972FA210088C556 /* Debug */,
				35986FB51972FA210088C556 /* Release */,
			);
			defaultConfigurationIsVisible = 0;
		};
/* End XCConfigurationList section */
	};
	rootObject = 35986F761972FA200088C556 /* Project object */;
}
